
Microsoft Visual Studio Solution File, Format Version 12.00
# Visual Studio Version 17
VisualStudioVersion = 17.0.31903.59
MinimumVisualStudioVersion = 10.0.40219.1
Project("{FAE04EC0-301F-11D3-BF4B-00C04F79EFBC}") = "Math", "Math\Math.csproj", "{9243B1E2-DBB6-48B5-97AB-814C1C45E898}"
EndProject
Project("{FAE04EC0-301F-11D3-BF4B-00C04F79EFBC}") = "Test", "Test\Test.csproj", "{FCAA4C6D-57AE-461E-A2B9-F5B425214061}"
EndProject
Project("{FAE04EC0-301F-11D3-BF4B-00C04F79EFBC}") = "UnitTest", "UnitTest\UnitTest.csproj", "{88A06D26-7CA3-47CD-AFA0-CA080F056965}"
EndProject
Global
	GlobalSection(SolutionConfigurationPlatforms) = preSolution
		Debug|Any CPU = Debug|Any CPU
		Release|Any CPU = Release|Any CPU
	EndGlobalSection
	GlobalSection(SolutionProperties) = preSolution
		HideSolutionNode = FALSE
	EndGlobalSection
	GlobalSection(ProjectConfigurationPlatforms) = postSolution
		{9243B1E2-DBB6-48B5-97AB-814C1C45E898}.Debug|Any CPU.ActiveCfg = Debug|Any CPU
		{9243B1E2-DBB6-48B5-97AB-814C1C45E898}.Debug|Any CPU.Build.0 = Debug|Any CPU
		{9243B1E2-DBB6-48B5-97AB-814C1C45E898}.Release|Any CPU.ActiveCfg = Release|Any CPU
		{9243B1E2-DBB6-48B5-97AB-814C1C45E898}.Release|Any CPU.Build.0 = Release|Any CPU
		{FCAA4C6D-57AE-461E-A2B9-F5B425214061}.Debug|Any CPU.ActiveCfg = Debug|Any CPU
		{FCAA4C6D-57AE-461E-A2B9-F5B425214061}.Debug|Any CPU.Build.0 = Debug|Any CPU
		{FCAA4C6D-57AE-461E-A2B9-F5B425214061}.Release|Any CPU.ActiveCfg = Release|Any CPU
		{FCAA4C6D-57AE-461E-A2B9-F5B425214061}.Release|Any CPU.Build.0 = Release|Any CPU
		{88A06D26-7CA3-47CD-AFA0-CA080F056965}.Debug|Any CPU.ActiveCfg = Debug|Any CPU
		{88A06D26-7CA3-47CD-AFA0-CA080F056965}.Debug|Any CPU.Build.0 = Debug|Any CPU
		{88A06D26-7CA3-47CD-AFA0-CA080F056965}.Release|Any CPU.ActiveCfg = Release|Any CPU
		{88A06D26-7CA3-47CD-AFA0-CA080F056965}.Release|Any CPU.Build.0 = Release|Any CPU
	EndGlobalSection
EndGlobal
